
Microsoft Visual Studio Solution File, Format Version 12.00
# Visual Studio Version 17
VisualStudioVersion = 17.9.34728.123
MinimumVisualStudioVersion = 10.0.40219.1
Project("{FAE04EC0-301F-11D3-BF4B-00C04F79EFBC}") = "Singleton", "Singleton\Singleton.csproj", "{F7BBB8F2-B292-49A0-AAFF-B449B2CBD8B2}"
EndProject
Project("{FAE04EC0-301F-11D3-BF4B-00C04F79EFBC}") = "Builder", "Builder\Builder.csproj", "{8610C3C7-DA95-4CB4-8A6F-3C57FFC30D41}"
EndProject
Project("{FAE04EC0-301F-11D3-BF4B-00C04F79EFBC}") = "Factory", "Factory\Factory.csproj", "{B9501DD1-C842-4616-A04D-5FC3B32F9CA7}"
EndProject
Global
	GlobalSection(SolutionConfigurationPlatforms) = preSolution
		Debug|Any CPU = Debug|Any CPU
		Release|Any CPU = Release|Any CPU
	EndGlobalSection
	GlobalSection(ProjectConfigurationPlatforms) = postSolution
		{F7BBB8F2-B292-49A0-AAFF-B449B2CBD8B2}.Debug|Any CPU.ActiveCfg = Debug|Any CPU
		{F7BBB8F2-B292-49A0-AAFF-B449B2CBD8B2}.Debug|Any CPU.Build.0 = Debug|Any CPU
		{F7BBB8F2-B292-49A0-AAFF-B449B2CBD8B2}.Release|Any CPU.ActiveCfg = Release|Any CPU
		{F7BBB8F2-B292-49A0-AAFF-B449B2CBD8B2}.Release|Any CPU.Build.0 = Release|Any CPU
		{8610C3C7-DA95-4CB4-8A6F-3C57FFC30D41}.Debug|Any CPU.ActiveCfg = Debug|Any CPU
		{8610C3C7-DA95-4CB4-8A6F-3C57FFC30D41}.Debug|Any CPU.Build.0 = Debug|Any CPU
		{8610C3C7-DA95-4CB4-8A6F-3C57FFC30D41}.Release|Any CPU.ActiveCfg = Release|Any CPU
		{8610C3C7-DA95-4CB4-8A6F-3C57FFC30D41}.Release|Any CPU.Build.0 = Release|Any CPU
		{B9501DD1-C842-4616-A04D-5FC3B32F9CA7}.Debug|Any CPU.ActiveCfg = Debug|Any CPU
		{B9501DD1-C842-4616-A04D-5FC3B32F9CA7}.Debug|Any CPU.Build.0 = Debug|Any CPU
		{B9501DD1-C842-4616-A04D-5FC3B32F9CA7}.Release|Any CPU.ActiveCfg = Release|Any CPU
		{B9501DD1-C842-4616-A04D-5FC3B32F9CA7}.Release|Any CPU.Build.0 = Release|Any CPU
	EndGlobalSection
	GlobalSection(SolutionProperties) = preSolution
		HideSolutionNode = FALSE
	EndGlobalSection
	GlobalSection(ExtensibilityGlobals) = postSolution
		SolutionGuid = {8558FFFB-FBC0-4561-92E7-45011F727CAA}
	EndGlobalSection
EndGlobal
